# THIS IS AN AUTOGENERATED FILE. DO NOT EDIT THIS FILE DIRECTLY.
# yarn lockfile v1


"@laurysva/logger-package@^0.0.3":
  version "0.0.3"
  resolved "https://registry.yarnpkg.com/@laurysva/logger-package/-/logger-package-0.0.3.tgz#2b448130b8ae30f8e3efc9ff7db67c8a533e2191"
  integrity sha512-ckJAs9VvuKekskqkGkIFZRKF5ut+Tr3CIHHugQIQa4H58EmhS3V68ECp4PzlUGur6ac0aMJxfN1lLGu/z724ag==
